
Microsoft Visual Studio Solution File, Format Version 12.00
# Visual Studio Version 16
VisualStudioVersion = 16.0.30320.27
MinimumVisualStudioVersion = 10.0.40219.1
Project("{FAE04EC0-301F-11D3-BF4B-00C04F79EFBC}") = "PolymorphismExample", "PolymorphismExample.csproj", "{464B0C5B-8DA9-4D5A-9705-0CFD2121B754}"
EndProject
Global
	GlobalSection(SolutionConfigurationPlatforms) = preSolution
		Debug|Any CPU = Debug|Any CPU
		Release|Any CPU = Release|Any CPU
	EndGlobalSection
	GlobalSection(ProjectConfigurationPlatforms) = postSolution
		{464B0C5B-8DA9-4D5A-9705-0CFD2121B754}.Debug|Any CPU.ActiveCfg = Debug|Any CPU
		{464B0C5B-8DA9-4D5A-9705-0CFD2121B754}.Debug|Any CPU.Build.0 = Debug|Any CPU
		{464B0C5B-8DA9-4D5A-9705-0CFD2121B754}.Release|Any CPU.ActiveCfg = Release|Any CPU
		{464B0C5B-8DA9-4D5A-9705-0CFD2121B754}.Release|Any CPU.Build.0 = Release|Any CPU
	EndGlobalSection
	GlobalSection(SolutionProperties) = preSolution
		HideSolutionNode = FALSE
	EndGlobalSection
	GlobalSection(ExtensibilityGlobals) = postSolution
		SolutionGuid = {6044D05D-DD2A-49D3-B9EE-5B3B60209685}
	EndGlobalSection
EndGlobal
