
Microsoft Visual Studio Solution File, Format Version 12.00
# Visual Studio Version 16
VisualStudioVersion = 16.0.30523.141
MinimumVisualStudioVersion = 10.0.40219.1
Project("{FAE04EC0-301F-11D3-BF4B-00C04F79EFBC}") = "ICA Recursion", "ICA Recursion.csproj", "{5F484FB7-8BDE-4A18-991E-0E9018BCC6EE}"
EndProject
Global
	GlobalSection(SolutionConfigurationPlatforms) = preSolution
		Debug|Any CPU = Debug|Any CPU
		Release|Any CPU = Release|Any CPU
	EndGlobalSection
	GlobalSection(ProjectConfigurationPlatforms) = postSolution
		{5F484FB7-8BDE-4A18-991E-0E9018BCC6EE}.Debug|Any CPU.ActiveCfg = Debug|Any CPU
		{5F484FB7-8BDE-4A18-991E-0E9018BCC6EE}.Debug|Any CPU.Build.0 = Debug|Any CPU
		{5F484FB7-8BDE-4A18-991E-0E9018BCC6EE}.Release|Any CPU.ActiveCfg = Release|Any CPU
		{5F484FB7-8BDE-4A18-991E-0E9018BCC6EE}.Release|Any CPU.Build.0 = Release|Any CPU
	EndGlobalSection
	GlobalSection(SolutionProperties) = preSolution
		HideSolutionNode = FALSE
	EndGlobalSection
	GlobalSection(ExtensibilityGlobals) = postSolution
		SolutionGuid = {4D510CDD-1EE1-41F4-897B-25E43F3186DE}
	EndGlobalSection
EndGlobal
