
Microsoft Visual Studio Solution File, Format Version 12.00
# Visual Studio Version 16
VisualStudioVersion = 16.0.30523.141
MinimumVisualStudioVersion = 10.0.40219.1
Project("{FAE04EC0-301F-11D3-BF4B-00C04F79EFBC}") = "Debug Participation", "Debug Participation.csproj", "{7E471A5C-22EF-4530-98AB-8445387118BE}"
EndProject
Global
	GlobalSection(SolutionConfigurationPlatforms) = preSolution
		Debug|Any CPU = Debug|Any CPU
		Release|Any CPU = Release|Any CPU
	EndGlobalSection
	GlobalSection(ProjectConfigurationPlatforms) = postSolution
		{7E471A5C-22EF-4530-98AB-8445387118BE}.Debug|Any CPU.ActiveCfg = Debug|Any CPU
		{7E471A5C-22EF-4530-98AB-8445387118BE}.Debug|Any CPU.Build.0 = Debug|Any CPU
		{7E471A5C-22EF-4530-98AB-8445387118BE}.Release|Any CPU.ActiveCfg = Release|Any CPU
		{7E471A5C-22EF-4530-98AB-8445387118BE}.Release|Any CPU.Build.0 = Release|Any CPU
	EndGlobalSection
	GlobalSection(SolutionProperties) = preSolution
		HideSolutionNode = FALSE
	EndGlobalSection
	GlobalSection(ExtensibilityGlobals) = postSolution
		SolutionGuid = {542670A7-7DDB-43E9-B9AB-793E710E5606}
	EndGlobalSection
EndGlobal
