
Microsoft Visual Studio Solution File, Format Version 12.00
# Visual Studio Version 16
VisualStudioVersion = 16.0.30523.141
MinimumVisualStudioVersion = 10.0.40219.1
Project("{FAE04EC0-301F-11D3-BF4B-00C04F79EFBC}") = "SumProject", "SumProject.csproj", "{672B5FB7-E69F-468F-9A32-85ECACA8E47E}"
EndProject
Global
	GlobalSection(SolutionConfigurationPlatforms) = preSolution
		Debug|Any CPU = Debug|Any CPU
		Release|Any CPU = Release|Any CPU
	EndGlobalSection
	GlobalSection(ProjectConfigurationPlatforms) = postSolution
		{672B5FB7-E69F-468F-9A32-85ECACA8E47E}.Debug|Any CPU.ActiveCfg = Debug|Any CPU
		{672B5FB7-E69F-468F-9A32-85ECACA8E47E}.Debug|Any CPU.Build.0 = Debug|Any CPU
		{672B5FB7-E69F-468F-9A32-85ECACA8E47E}.Release|Any CPU.ActiveCfg = Release|Any CPU
		{672B5FB7-E69F-468F-9A32-85ECACA8E47E}.Release|Any CPU.Build.0 = Release|Any CPU
	EndGlobalSection
	GlobalSection(SolutionProperties) = preSolution
		HideSolutionNode = FALSE
	EndGlobalSection
	GlobalSection(ExtensibilityGlobals) = postSolution
		SolutionGuid = {45F38C64-37C6-454A-8980-75A94B570850}
	EndGlobalSection
EndGlobal
