
Microsoft Visual Studio Solution File, Format Version 12.00
# Visual Studio Version 16
VisualStudioVersion = 16.0.30523.141
MinimumVisualStudioVersion = 10.0.40219.1
Project("{FAE04EC0-301F-11D3-BF4B-00C04F79EFBC}") = "Milestone4Wed", "Milestone4Wed.csproj", "{E259DC21-01A1-40AE-B9E2-2B3F57C4D634}"
EndProject
Global
	GlobalSection(SolutionConfigurationPlatforms) = preSolution
		Debug|Any CPU = Debug|Any CPU
		Release|Any CPU = Release|Any CPU
	EndGlobalSection
	GlobalSection(ProjectConfigurationPlatforms) = postSolution
		{E259DC21-01A1-40AE-B9E2-2B3F57C4D634}.Debug|Any CPU.ActiveCfg = Debug|Any CPU
		{E259DC21-01A1-40AE-B9E2-2B3F57C4D634}.Debug|Any CPU.Build.0 = Debug|Any CPU
		{E259DC21-01A1-40AE-B9E2-2B3F57C4D634}.Release|Any CPU.ActiveCfg = Release|Any CPU
		{E259DC21-01A1-40AE-B9E2-2B3F57C4D634}.Release|Any CPU.Build.0 = Release|Any CPU
	EndGlobalSection
	GlobalSection(SolutionProperties) = preSolution
		HideSolutionNode = FALSE
	EndGlobalSection
	GlobalSection(ExtensibilityGlobals) = postSolution
		SolutionGuid = {F548B99D-39EC-4675-8B10-CE350BF4B26B}
	EndGlobalSection
EndGlobal
