
Microsoft Visual Studio Solution File, Format Version 12.00
# Visual Studio Version 16
VisualStudioVersion = 16.0.30717.126
MinimumVisualStudioVersion = 10.0.40219.1
Project("{9A19103F-16F7-4668-BE54-9A1E7A4F7556}") = "EmployeeCrud", "EmployeeCrud\EmployeeCrud.csproj", "{069D5859-E00E-40C8-AF5F-DBC97F992F1D}"
EndProject
Project("{FAE04EC0-301F-11D3-BF4B-00C04F79EFBC}") = "BusinessLayer", "BusinessLayer\BusinessLayer.csproj", "{D4215930-B009-4A93-937F-F4D9B39229A1}"
EndProject
Project("{FAE04EC0-301F-11D3-BF4B-00C04F79EFBC}") = "DataAccessLayer", "DataAccessLayer\DataAccessLayer.csproj", "{A22CC7D2-EE94-4D14-842B-D1530FC69CB9}"
EndProject
Global
	GlobalSection(SolutionConfigurationPlatforms) = preSolution
		Debug|Any CPU = Debug|Any CPU
		Release|Any CPU = Release|Any CPU
	EndGlobalSection
	GlobalSection(ProjectConfigurationPlatforms) = postSolution
		{069D5859-E00E-40C8-AF5F-DBC97F992F1D}.Debug|Any CPU.ActiveCfg = Debug|Any CPU
		{069D5859-E00E-40C8-AF5F-DBC97F992F1D}.Debug|Any CPU.Build.0 = Debug|Any CPU
		{069D5859-E00E-40C8-AF5F-DBC97F992F1D}.Release|Any CPU.ActiveCfg = Release|Any CPU
		{069D5859-E00E-40C8-AF5F-DBC97F992F1D}.Release|Any CPU.Build.0 = Release|Any CPU
		{D4215930-B009-4A93-937F-F4D9B39229A1}.Debug|Any CPU.ActiveCfg = Debug|Any CPU
		{D4215930-B009-4A93-937F-F4D9B39229A1}.Debug|Any CPU.Build.0 = Debug|Any CPU
		{D4215930-B009-4A93-937F-F4D9B39229A1}.Release|Any CPU.ActiveCfg = Release|Any CPU
		{D4215930-B009-4A93-937F-F4D9B39229A1}.Release|Any CPU.Build.0 = Release|Any CPU
		{A22CC7D2-EE94-4D14-842B-D1530FC69CB9}.Debug|Any CPU.ActiveCfg = Debug|Any CPU
		{A22CC7D2-EE94-4D14-842B-D1530FC69CB9}.Debug|Any CPU.Build.0 = Debug|Any CPU
		{A22CC7D2-EE94-4D14-842B-D1530FC69CB9}.Release|Any CPU.ActiveCfg = Release|Any CPU
		{A22CC7D2-EE94-4D14-842B-D1530FC69CB9}.Release|Any CPU.Build.0 = Release|Any CPU
	EndGlobalSection
	GlobalSection(SolutionProperties) = preSolution
		HideSolutionNode = FALSE
	EndGlobalSection
	GlobalSection(ExtensibilityGlobals) = postSolution
		SolutionGuid = {185D3FF3-3383-4925-B740-F4748DFEAF3A}
	EndGlobalSection
EndGlobal
