
Microsoft Visual Studio Solution File, Format Version 12.00
# Visual Studio Version 16
VisualStudioVersion = 16.0.30523.141
MinimumVisualStudioVersion = 10.0.40219.1
Project("{FAE04EC0-301F-11D3-BF4B-00C04F79EFBC}") = "InClassExerciseWk9", "InClassExerciseWk9.csproj", "{A5E96EDF-7FE4-4494-B57F-F48420454FCE}"
EndProject
Global
	GlobalSection(SolutionConfigurationPlatforms) = preSolution
		Debug|Any CPU = Debug|Any CPU
		Release|Any CPU = Release|Any CPU
	EndGlobalSection
	GlobalSection(ProjectConfigurationPlatforms) = postSolution
		{A5E96EDF-7FE4-4494-B57F-F48420454FCE}.Debug|Any CPU.ActiveCfg = Debug|Any CPU
		{A5E96EDF-7FE4-4494-B57F-F48420454FCE}.Debug|Any CPU.Build.0 = Debug|Any CPU
		{A5E96EDF-7FE4-4494-B57F-F48420454FCE}.Release|Any CPU.ActiveCfg = Release|Any CPU
		{A5E96EDF-7FE4-4494-B57F-F48420454FCE}.Release|Any CPU.Build.0 = Release|Any CPU
	EndGlobalSection
	GlobalSection(SolutionProperties) = preSolution
		HideSolutionNode = FALSE
	EndGlobalSection
	GlobalSection(ExtensibilityGlobals) = postSolution
		SolutionGuid = {9066C7C0-C4FB-47FC-BCE6-D680F94728B4}
	EndGlobalSection
EndGlobal
