
Microsoft Visual Studio Solution File, Format Version 12.00
# Visual Studio Version 16
VisualStudioVersion = 16.0.30320.27
MinimumVisualStudioVersion = 10.0.40219.1
Project("{FAE04EC0-301F-11D3-BF4B-00C04F79EFBC}") = "Multidimensional Array Practice", "Multidimensional Array Practice.csproj", "{24FD2720-9EF7-4EB0-AA37-745FF5EDBA3C}"
EndProject
Global
	GlobalSection(SolutionConfigurationPlatforms) = preSolution
		Debug|Any CPU = Debug|Any CPU
		Release|Any CPU = Release|Any CPU
	EndGlobalSection
	GlobalSection(ProjectConfigurationPlatforms) = postSolution
		{24FD2720-9EF7-4EB0-AA37-745FF5EDBA3C}.Debug|Any CPU.ActiveCfg = Debug|Any CPU
		{24FD2720-9EF7-4EB0-AA37-745FF5EDBA3C}.Debug|Any CPU.Build.0 = Debug|Any CPU
		{24FD2720-9EF7-4EB0-AA37-745FF5EDBA3C}.Release|Any CPU.ActiveCfg = Release|Any CPU
		{24FD2720-9EF7-4EB0-AA37-745FF5EDBA3C}.Release|Any CPU.Build.0 = Release|Any CPU
	EndGlobalSection
	GlobalSection(SolutionProperties) = preSolution
		HideSolutionNode = FALSE
	EndGlobalSection
	GlobalSection(ExtensibilityGlobals) = postSolution
		SolutionGuid = {92E2428E-860D-4F81-8CD4-AB577BB44727}
	EndGlobalSection
EndGlobal
