
Microsoft Visual Studio Solution File, Format Version 12.00
# Visual Studio Version 16
VisualStudioVersion = 16.0.30907.101
MinimumVisualStudioVersion = 10.0.40219.1
Project("{9A19103F-16F7-4668-BE54-9A1E7A4F7556}") = "Milestone Project", "Milestone Project\Milestone Project.csproj", "{14078F7F-5B4D-45A9-A301-031A652678BB}"
EndProject
Project("{9A19103F-16F7-4668-BE54-9A1E7A4F7556}") = "DataAccessLayer", "DataAccessLayer\DataAccessLayer.csproj", "{03F13A23-4F1D-410F-BA1D-4562B0E73E39}"
EndProject
Project("{FAE04EC0-301F-11D3-BF4B-00C04F79EFBC}") = "BusinessLayer", "BusinessLAyer\BusinessLayer.csproj", "{8F22E176-B21D-478F-B52F-2C45C4C28884}"
EndProject
Global
	GlobalSection(SolutionConfigurationPlatforms) = preSolution
		Debug|Any CPU = Debug|Any CPU
		Release|Any CPU = Release|Any CPU
	EndGlobalSection
	GlobalSection(ProjectConfigurationPlatforms) = postSolution
		{14078F7F-5B4D-45A9-A301-031A652678BB}.Debug|Any CPU.ActiveCfg = Debug|Any CPU
		{14078F7F-5B4D-45A9-A301-031A652678BB}.Debug|Any CPU.Build.0 = Debug|Any CPU
		{14078F7F-5B4D-45A9-A301-031A652678BB}.Release|Any CPU.ActiveCfg = Release|Any CPU
		{14078F7F-5B4D-45A9-A301-031A652678BB}.Release|Any CPU.Build.0 = Release|Any CPU
		{03F13A23-4F1D-410F-BA1D-4562B0E73E39}.Debug|Any CPU.ActiveCfg = Debug|Any CPU
		{03F13A23-4F1D-410F-BA1D-4562B0E73E39}.Debug|Any CPU.Build.0 = Debug|Any CPU
		{03F13A23-4F1D-410F-BA1D-4562B0E73E39}.Release|Any CPU.ActiveCfg = Release|Any CPU
		{03F13A23-4F1D-410F-BA1D-4562B0E73E39}.Release|Any CPU.Build.0 = Release|Any CPU
		{8F22E176-B21D-478F-B52F-2C45C4C28884}.Debug|Any CPU.ActiveCfg = Debug|Any CPU
		{8F22E176-B21D-478F-B52F-2C45C4C28884}.Debug|Any CPU.Build.0 = Debug|Any CPU
		{8F22E176-B21D-478F-B52F-2C45C4C28884}.Release|Any CPU.ActiveCfg = Release|Any CPU
		{8F22E176-B21D-478F-B52F-2C45C4C28884}.Release|Any CPU.Build.0 = Release|Any CPU
	EndGlobalSection
	GlobalSection(SolutionProperties) = preSolution
		HideSolutionNode = FALSE
	EndGlobalSection
	GlobalSection(ExtensibilityGlobals) = postSolution
		SolutionGuid = {403D4F80-F3B6-4399-9110-2D695D83819E}
	EndGlobalSection
EndGlobal
