
Microsoft Visual Studio Solution File, Format Version 12.00
# Visual Studio Version 16
VisualStudioVersion = 16.0.30320.27
MinimumVisualStudioVersion = 10.0.40219.1
Project("{FAE04EC0-301F-11D3-BF4B-00C04F79EFBC}") = "Minesweeper", "Minesweeper.csproj", "{231AD671-C6F7-478D-98BC-1EC9858C6CCA}"
EndProject
Project("{FAE04EC0-301F-11D3-BF4B-00C04F79EFBC}") = "MinesweeperGame", "..\MinesweeperGame\MinesweeperGame.csproj", "{A4FCAB34-1B5B-4608-9688-E09AD746B5B6}"
EndProject
Project("{FAE04EC0-301F-11D3-BF4B-00C04F79EFBC}") = "MinesweeperGUI", "..\MinesweeperGUI\MinesweeperGUI.csproj", "{08A4F8AB-1E72-4A7D-9D60-06329EC2ED60}"
EndProject
Global
	GlobalSection(SolutionConfigurationPlatforms) = preSolution
		Debug|Any CPU = Debug|Any CPU
		Release|Any CPU = Release|Any CPU
	EndGlobalSection
	GlobalSection(ProjectConfigurationPlatforms) = postSolution
		{231AD671-C6F7-478D-98BC-1EC9858C6CCA}.Debug|Any CPU.ActiveCfg = Debug|Any CPU
		{231AD671-C6F7-478D-98BC-1EC9858C6CCA}.Debug|Any CPU.Build.0 = Debug|Any CPU
		{231AD671-C6F7-478D-98BC-1EC9858C6CCA}.Release|Any CPU.ActiveCfg = Release|Any CPU
		{231AD671-C6F7-478D-98BC-1EC9858C6CCA}.Release|Any CPU.Build.0 = Release|Any CPU
		{A4FCAB34-1B5B-4608-9688-E09AD746B5B6}.Debug|Any CPU.ActiveCfg = Debug|Any CPU
		{A4FCAB34-1B5B-4608-9688-E09AD746B5B6}.Debug|Any CPU.Build.0 = Debug|Any CPU
		{A4FCAB34-1B5B-4608-9688-E09AD746B5B6}.Release|Any CPU.ActiveCfg = Release|Any CPU
		{A4FCAB34-1B5B-4608-9688-E09AD746B5B6}.Release|Any CPU.Build.0 = Release|Any CPU
		{08A4F8AB-1E72-4A7D-9D60-06329EC2ED60}.Debug|Any CPU.ActiveCfg = Debug|Any CPU
		{08A4F8AB-1E72-4A7D-9D60-06329EC2ED60}.Debug|Any CPU.Build.0 = Debug|Any CPU
		{08A4F8AB-1E72-4A7D-9D60-06329EC2ED60}.Release|Any CPU.ActiveCfg = Release|Any CPU
		{08A4F8AB-1E72-4A7D-9D60-06329EC2ED60}.Release|Any CPU.Build.0 = Release|Any CPU
	EndGlobalSection
	GlobalSection(SolutionProperties) = preSolution
		HideSolutionNode = FALSE
	EndGlobalSection
	GlobalSection(ExtensibilityGlobals) = postSolution
		SolutionGuid = {384CBC65-40E5-4E8B-8722-679CAC3E7D1D}
	EndGlobalSection
EndGlobal
