
Microsoft Visual Studio Solution File, Format Version 12.00
# Visual Studio Version 16
VisualStudioVersion = 16.0.29709.97
MinimumVisualStudioVersion = 10.0.40219.1
Project("{FAE04EC0-301F-11D3-BF4B-00C04F79EFBC}") = "IxT Training1", "IxT Training1.csproj", "{FEBEBA52-1A7B-46DF-84F2-A29D958F9768}"
EndProject
Global
	GlobalSection(SolutionConfigurationPlatforms) = preSolution
		Debug|Any CPU = Debug|Any CPU
		Release|Any CPU = Release|Any CPU
	EndGlobalSection
	GlobalSection(ProjectConfigurationPlatforms) = postSolution
		{FEBEBA52-1A7B-46DF-84F2-A29D958F9768}.Debug|Any CPU.ActiveCfg = Debug|Any CPU
		{FEBEBA52-1A7B-46DF-84F2-A29D958F9768}.Debug|Any CPU.Build.0 = Debug|Any CPU
		{FEBEBA52-1A7B-46DF-84F2-A29D958F9768}.Release|Any CPU.ActiveCfg = Release|Any CPU
		{FEBEBA52-1A7B-46DF-84F2-A29D958F9768}.Release|Any CPU.Build.0 = Release|Any CPU
	EndGlobalSection
	GlobalSection(SolutionProperties) = preSolution
		HideSolutionNode = FALSE
	EndGlobalSection
	GlobalSection(ExtensibilityGlobals) = postSolution
		SolutionGuid = {C559FABB-7483-4792-92CC-29750D110E6D}
	EndGlobalSection
EndGlobal
